
Microsoft Visual Studio Solution File, Format Version 12.00
# Visual Studio Version 17
VisualStudioVersion = 17.0.31903.59
MinimumVisualStudioVersion = 10.0.40219.1
Project("{9A19103F-16F7-4668-BE54-9A1E7A4F7556}") = "Delegados", "ConsoleApp1\Delegados.csproj", "{4EBFDF87-ECE9-4C75-AD0A-445802C8FCD6}"
EndProject
Project("{9A19103F-16F7-4668-BE54-9A1E7A4F7556}") = "Indexer", "Indexer\Indexer.csproj", "{1BD9CD10-4352-4694-BBB7-FDB60142D5CC}"
EndProject
Project("{9A19103F-16F7-4668-BE54-9A1E7A4F7556}") = "SobrecargaOperadoresBinarios", "SobrecargaOperadoresBinarios\SobrecargaOperadoresBinarios.csproj", "{12E292FE-7DC7-46BC-BD4D-790DC6A303B5}"
EndProject
Project("{9A19103F-16F7-4668-BE54-9A1E7A4F7556}") = "P17SerializacionBinaria", "P17SerializacionBinaria\P17SerializacionBinaria.csproj", "{37C6C936-4676-4C00-8C6E-1283C831B1A3}"
EndProject
Project("{9A19103F-16F7-4668-BE54-9A1E7A4F7556}") = "P21Streams", "P21Streams\P21Streams.csproj", "{0DA54F0C-11AD-4EE9-A34B-D5D905F01D27}"
EndProject
Project("{9A19103F-16F7-4668-BE54-9A1E7A4F7556}") = "P22ParametrosNombrados-Opcionales", "P22ParametrosNombrados-Opcionales\P22ParametrosNombrados-Opcionales.csproj", "{753D3A4B-CEC4-4BF5-A0BA-6767D9F4AB56}"
EndProject
Project("{9A19103F-16F7-4668-BE54-9A1E7A4F7556}") = "P23HaciendoLibreriaDeClases", "P23HaciendoLibreriaDeClases\P23HaciendoLibreriaDeClases.csproj", "{C0EB49D6-4190-46A3-B44C-414C37EBB9E4}"
EndProject
Project("{9A19103F-16F7-4668-BE54-9A1E7A4F7556}") = "P23ConsumiendoLibreriaDeClases", "P23ConsumiendoLibreriaDeClases\P23ConsumiendoLibreriaDeClases.csproj", "{4BAF502B-A92C-4ABC-B985-CB1072E74AA2}"
EndProject
Project("{9A19103F-16F7-4668-BE54-9A1E7A4F7556}") = "P24ExpresionesRegulares", "P24ExpresionesRegulares\P24ExpresionesRegulares.csproj", "{A527F719-C018-42F7-9541-08CB5C7535F0}"
EndProject
Project("{9A19103F-16F7-4668-BE54-9A1E7A4F7556}") = "dividirpor12", "dividirpor12\dividirpor12.csproj", "{A27B7EC0-A6B8-4270-BB3C-6C3852F9616F}"
EndProject
Project("{9A19103F-16F7-4668-BE54-9A1E7A4F7556}") = "Avanzado01ArrayList", "Avanzado01ArrayList\Avanzado01ArrayList.csproj", "{7789F903-9749-484A-A383-D1DD7208CFD6}"
EndProject
Project("{9A19103F-16F7-4668-BE54-9A1E7A4F7556}") = "Estructuras4Recursion", "Estructuras4Recursion\Estructuras4Recursion.csproj", "{6CBDD042-FD66-46C2-9F6A-0C677910F09B}"
EndProject
Project("{FAE04EC0-301F-11D3-BF4B-00C04F79EFBC}") = "Estructuras5ListaLigada1", "Estructuras5ListaLigada1\Estructuras5ListaLigada1.csproj", "{9ADCDF03-1874-4F76-8371-81CE6996A6A2}"
EndProject
Global
	GlobalSection(SolutionConfigurationPlatforms) = preSolution
		Debug|Any CPU = Debug|Any CPU
		Release|Any CPU = Release|Any CPU
	EndGlobalSection
	GlobalSection(ProjectConfigurationPlatforms) = postSolution
		{4EBFDF87-ECE9-4C75-AD0A-445802C8FCD6}.Debug|Any CPU.ActiveCfg = Debug|Any CPU
		{4EBFDF87-ECE9-4C75-AD0A-445802C8FCD6}.Debug|Any CPU.Build.0 = Debug|Any CPU
		{4EBFDF87-ECE9-4C75-AD0A-445802C8FCD6}.Release|Any CPU.ActiveCfg = Release|Any CPU
		{4EBFDF87-ECE9-4C75-AD0A-445802C8FCD6}.Release|Any CPU.Build.0 = Release|Any CPU
		{1BD9CD10-4352-4694-BBB7-FDB60142D5CC}.Debug|Any CPU.ActiveCfg = Debug|Any CPU
		{1BD9CD10-4352-4694-BBB7-FDB60142D5CC}.Debug|Any CPU.Build.0 = Debug|Any CPU
		{1BD9CD10-4352-4694-BBB7-FDB60142D5CC}.Release|Any CPU.ActiveCfg = Release|Any CPU
		{1BD9CD10-4352-4694-BBB7-FDB60142D5CC}.Release|Any CPU.Build.0 = Release|Any CPU
		{12E292FE-7DC7-46BC-BD4D-790DC6A303B5}.Debug|Any CPU.ActiveCfg = Debug|Any CPU
		{12E292FE-7DC7-46BC-BD4D-790DC6A303B5}.Debug|Any CPU.Build.0 = Debug|Any CPU
		{12E292FE-7DC7-46BC-BD4D-790DC6A303B5}.Release|Any CPU.ActiveCfg = Release|Any CPU
		{12E292FE-7DC7-46BC-BD4D-790DC6A303B5}.Release|Any CPU.Build.0 = Release|Any CPU
		{37C6C936-4676-4C00-8C6E-1283C831B1A3}.Debug|Any CPU.ActiveCfg = Debug|Any CPU
		{37C6C936-4676-4C00-8C6E-1283C831B1A3}.Debug|Any CPU.Build.0 = Debug|Any CPU
		{37C6C936-4676-4C00-8C6E-1283C831B1A3}.Release|Any CPU.ActiveCfg = Release|Any CPU
		{37C6C936-4676-4C00-8C6E-1283C831B1A3}.Release|Any CPU.Build.0 = Release|Any CPU
		{0DA54F0C-11AD-4EE9-A34B-D5D905F01D27}.Debug|Any CPU.ActiveCfg = Debug|Any CPU
		{0DA54F0C-11AD-4EE9-A34B-D5D905F01D27}.Debug|Any CPU.Build.0 = Debug|Any CPU
		{0DA54F0C-11AD-4EE9-A34B-D5D905F01D27}.Release|Any CPU.ActiveCfg = Release|Any CPU
		{0DA54F0C-11AD-4EE9-A34B-D5D905F01D27}.Release|Any CPU.Build.0 = Release|Any CPU
		{753D3A4B-CEC4-4BF5-A0BA-6767D9F4AB56}.Debug|Any CPU.ActiveCfg = Debug|Any CPU
		{753D3A4B-CEC4-4BF5-A0BA-6767D9F4AB56}.Debug|Any CPU.Build.0 = Debug|Any CPU
		{753D3A4B-CEC4-4BF5-A0BA-6767D9F4AB56}.Release|Any CPU.ActiveCfg = Release|Any CPU
		{753D3A4B-CEC4-4BF5-A0BA-6767D9F4AB56}.Release|Any CPU.Build.0 = Release|Any CPU
		{C0EB49D6-4190-46A3-B44C-414C37EBB9E4}.Debug|Any CPU.ActiveCfg = Debug|Any CPU
		{C0EB49D6-4190-46A3-B44C-414C37EBB9E4}.Debug|Any CPU.Build.0 = Debug|Any CPU
		{C0EB49D6-4190-46A3-B44C-414C37EBB9E4}.Release|Any CPU.ActiveCfg = Release|Any CPU
		{C0EB49D6-4190-46A3-B44C-414C37EBB9E4}.Release|Any CPU.Build.0 = Release|Any CPU
		{4BAF502B-A92C-4ABC-B985-CB1072E74AA2}.Debug|Any CPU.ActiveCfg = Debug|Any CPU
		{4BAF502B-A92C-4ABC-B985-CB1072E74AA2}.Debug|Any CPU.Build.0 = Debug|Any CPU
		{4BAF502B-A92C-4ABC-B985-CB1072E74AA2}.Release|Any CPU.ActiveCfg = Release|Any CPU
		{4BAF502B-A92C-4ABC-B985-CB1072E74AA2}.Release|Any CPU.Build.0 = Release|Any CPU
		{A527F719-C018-42F7-9541-08CB5C7535F0}.Debug|Any CPU.ActiveCfg = Debug|Any CPU
		{A527F719-C018-42F7-9541-08CB5C7535F0}.Debug|Any CPU.Build.0 = Debug|Any CPU
		{A527F719-C018-42F7-9541-08CB5C7535F0}.Release|Any CPU.ActiveCfg = Release|Any CPU
		{A527F719-C018-42F7-9541-08CB5C7535F0}.Release|Any CPU.Build.0 = Release|Any CPU
		{A27B7EC0-A6B8-4270-BB3C-6C3852F9616F}.Debug|Any CPU.ActiveCfg = Debug|Any CPU
		{A27B7EC0-A6B8-4270-BB3C-6C3852F9616F}.Debug|Any CPU.Build.0 = Debug|Any CPU
		{A27B7EC0-A6B8-4270-BB3C-6C3852F9616F}.Release|Any CPU.ActiveCfg = Release|Any CPU
		{A27B7EC0-A6B8-4270-BB3C-6C3852F9616F}.Release|Any CPU.Build.0 = Release|Any CPU
		{7789F903-9749-484A-A383-D1DD7208CFD6}.Debug|Any CPU.ActiveCfg = Debug|Any CPU
		{7789F903-9749-484A-A383-D1DD7208CFD6}.Debug|Any CPU.Build.0 = Debug|Any CPU
		{7789F903-9749-484A-A383-D1DD7208CFD6}.Release|Any CPU.ActiveCfg = Release|Any CPU
		{7789F903-9749-484A-A383-D1DD7208CFD6}.Release|Any CPU.Build.0 = Release|Any CPU
		{6CBDD042-FD66-46C2-9F6A-0C677910F09B}.Debug|Any CPU.ActiveCfg = Debug|Any CPU
		{6CBDD042-FD66-46C2-9F6A-0C677910F09B}.Debug|Any CPU.Build.0 = Debug|Any CPU
		{6CBDD042-FD66-46C2-9F6A-0C677910F09B}.Release|Any CPU.ActiveCfg = Release|Any CPU
		{6CBDD042-FD66-46C2-9F6A-0C677910F09B}.Release|Any CPU.Build.0 = Release|Any CPU
		{9ADCDF03-1874-4F76-8371-81CE6996A6A2}.Debug|Any CPU.ActiveCfg = Debug|Any CPU
		{9ADCDF03-1874-4F76-8371-81CE6996A6A2}.Debug|Any CPU.Build.0 = Debug|Any CPU
		{9ADCDF03-1874-4F76-8371-81CE6996A6A2}.Release|Any CPU.ActiveCfg = Release|Any CPU
		{9ADCDF03-1874-4F76-8371-81CE6996A6A2}.Release|Any CPU.Build.0 = Release|Any CPU
	EndGlobalSection
	GlobalSection(SolutionProperties) = preSolution
		HideSolutionNode = FALSE
	EndGlobalSection
	GlobalSection(ExtensibilityGlobals) = postSolution
		SolutionGuid = {5F7844CE-F34A-4CD0-86A0-169E955E2AF5}
	EndGlobalSection
EndGlobal
