
Microsoft Visual Studio Solution File, Format Version 12.00
# Visual Studio Version 17
VisualStudioVersion = 17.0.31903.59
MinimumVisualStudioVersion = 10.0.40219.1
Project("{9A19103F-16F7-4668-BE54-9A1E7A4F7556}") = "Delegados", "ConsoleApp1\Delegados.csproj", "{4EBFDF87-ECE9-4C75-AD0A-445802C8FCD6}"
EndProject
Project("{FAE04EC0-301F-11D3-BF4B-00C04F79EFBC}") = "Indexer", "Indexer\Indexer.csproj", "{1BD9CD10-4352-4694-BBB7-FDB60142D5CC}"
EndProject
Global
	GlobalSection(SolutionConfigurationPlatforms) = preSolution
		Debug|Any CPU = Debug|Any CPU
		Release|Any CPU = Release|Any CPU
	EndGlobalSection
	GlobalSection(ProjectConfigurationPlatforms) = postSolution
		{4EBFDF87-ECE9-4C75-AD0A-445802C8FCD6}.Debug|Any CPU.ActiveCfg = Debug|Any CPU
		{4EBFDF87-ECE9-4C75-AD0A-445802C8FCD6}.Debug|Any CPU.Build.0 = Debug|Any CPU
		{4EBFDF87-ECE9-4C75-AD0A-445802C8FCD6}.Release|Any CPU.ActiveCfg = Release|Any CPU
		{4EBFDF87-ECE9-4C75-AD0A-445802C8FCD6}.Release|Any CPU.Build.0 = Release|Any CPU
		{1BD9CD10-4352-4694-BBB7-FDB60142D5CC}.Debug|Any CPU.ActiveCfg = Debug|Any CPU
		{1BD9CD10-4352-4694-BBB7-FDB60142D5CC}.Debug|Any CPU.Build.0 = Debug|Any CPU
		{1BD9CD10-4352-4694-BBB7-FDB60142D5CC}.Release|Any CPU.ActiveCfg = Release|Any CPU
		{1BD9CD10-4352-4694-BBB7-FDB60142D5CC}.Release|Any CPU.Build.0 = Release|Any CPU
	EndGlobalSection
	GlobalSection(SolutionProperties) = preSolution
		HideSolutionNode = FALSE
	EndGlobalSection
	GlobalSection(ExtensibilityGlobals) = postSolution
		SolutionGuid = {5F7844CE-F34A-4CD0-86A0-169E955E2AF5}
	EndGlobalSection
EndGlobal
